
Microsoft Visual Studio Solution File, Format Version 12.00
# Visual Studio Version 17
VisualStudioVersion = 17.4.33213.308
MinimumVisualStudioVersion = 10.0.40219.1
Project("{FAE04EC0-301F-11D3-BF4B-00C04F79EFBC}") = "OrleansURLShortener", "OrleansURLShortener.csproj", "{11596C76-DD2F-4BB2-B25F-1AB0F59366DE}"
EndProject
Global
	GlobalSection(SolutionConfigurationPlatforms) = preSolution
		Debug|Any CPU = Debug|Any CPU
		Release|Any CPU = Release|Any CPU
	EndGlobalSection
	GlobalSection(ProjectConfigurationPlatforms) = postSolution
		{11596C76-DD2F-4BB2-B25F-1AB0F59366DE}.Debug|Any CPU.ActiveCfg = Debug|Any CPU
		{11596C76-DD2F-4BB2-B25F-1AB0F59366DE}.Debug|Any CPU.Build.0 = Debug|Any CPU
		{11596C76-DD2F-4BB2-B25F-1AB0F59366DE}.Release|Any CPU.ActiveCfg = Release|Any CPU
		{11596C76-DD2F-4BB2-B25F-1AB0F59366DE}.Release|Any CPU.Build.0 = Release|Any CPU
	EndGlobalSection
	GlobalSection(SolutionProperties) = preSolution
		HideSolutionNode = FALSE
	EndGlobalSection
	GlobalSection(ExtensibilityGlobals) = postSolution
		SolutionGuid = {CDE16B19-2083-4AC3-A3AF-4609FA6DE563}
	EndGlobalSection
EndGlobal
